
Microsoft Visual Studio Solution File, Format Version 12.00
# Visual Studio Version 17
VisualStudioVersion = 17.0.31903.59
MinimumVisualStudioVersion = 10.0.40219.1
Project("{FAE04EC0-301F-11D3-BF4B-00C04F79EFBC}") = "CriandoVariaveis", "CriandoVariaveis\CriandoVariaveis.csproj", "{DF9A5D27-513E-4644-ABE1-BF6C120B654E}"
EndProject
Global
	GlobalSection(SolutionConfigurationPlatforms) = preSolution
		Debug|Any CPU = Debug|Any CPU
		Release|Any CPU = Release|Any CPU
	EndGlobalSection
	GlobalSection(ProjectConfigurationPlatforms) = postSolution
		{DF9A5D27-513E-4644-ABE1-BF6C120B654E}.Debug|Any CPU.ActiveCfg = Debug|Any CPU
		{DF9A5D27-513E-4644-ABE1-BF6C120B654E}.Debug|Any CPU.Build.0 = Debug|Any CPU
		{DF9A5D27-513E-4644-ABE1-BF6C120B654E}.Release|Any CPU.ActiveCfg = Release|Any CPU
		{DF9A5D27-513E-4644-ABE1-BF6C120B654E}.Release|Any CPU.Build.0 = Release|Any CPU
	EndGlobalSection
	GlobalSection(SolutionProperties) = preSolution
		HideSolutionNode = FALSE
	EndGlobalSection
	GlobalSection(ExtensibilityGlobals) = postSolution
		SolutionGuid = {905509DB-8BAA-4D76-B776-9AF97B8BA5D1}
	EndGlobalSection
EndGlobal
