
Microsoft Visual Studio Solution File, Format Version 12.00
# Visual Studio Version 17
VisualStudioVersion = 17.0.31903.59
MinimumVisualStudioVersion = 10.0.40219.1
Project("{FAE04EC0-301F-11D3-BF4B-00C04F79EFBC}") = "P11-CalculaPoupanca2", "P11-CalculaPoupanca2.csproj", "{ED464C3E-C03B-4EC6-8DAF-9F0B13D93EDE}"
EndProject
Global
	GlobalSection(SolutionConfigurationPlatforms) = preSolution
		Debug|Any CPU = Debug|Any CPU
		Release|Any CPU = Release|Any CPU
	EndGlobalSection
	GlobalSection(ProjectConfigurationPlatforms) = postSolution
		{ED464C3E-C03B-4EC6-8DAF-9F0B13D93EDE}.Debug|Any CPU.ActiveCfg = Debug|Any CPU
		{ED464C3E-C03B-4EC6-8DAF-9F0B13D93EDE}.Debug|Any CPU.Build.0 = Debug|Any CPU
		{ED464C3E-C03B-4EC6-8DAF-9F0B13D93EDE}.Release|Any CPU.ActiveCfg = Release|Any CPU
		{ED464C3E-C03B-4EC6-8DAF-9F0B13D93EDE}.Release|Any CPU.Build.0 = Release|Any CPU
	EndGlobalSection
	GlobalSection(SolutionProperties) = preSolution
		HideSolutionNode = FALSE
	EndGlobalSection
	GlobalSection(ExtensibilityGlobals) = postSolution
		SolutionGuid = {32585BAC-79E3-4FF2-BDB0-419B4A8A94D3}
	EndGlobalSection
EndGlobal
