
Microsoft Visual Studio Solution File, Format Version 12.00
# Visual Studio Version 17
VisualStudioVersion = 17.0.31903.59
MinimumVisualStudioVersion = 10.0.40219.1
Project("{FAE04EC0-301F-11D3-BF4B-00C04F79EFBC}") = "3-CriandoVariaveisPontoFlutuante", "3-CriandoVariaveisPontoFlutuante\3-CriandoVariaveisPontoFlutuante.csproj", "{47CC462E-135F-4FF0-B7D7-FBDD7424DE2F}"
EndProject
Global
	GlobalSection(SolutionConfigurationPlatforms) = preSolution
		Debug|Any CPU = Debug|Any CPU
		Release|Any CPU = Release|Any CPU
	EndGlobalSection
	GlobalSection(ProjectConfigurationPlatforms) = postSolution
		{47CC462E-135F-4FF0-B7D7-FBDD7424DE2F}.Debug|Any CPU.ActiveCfg = Debug|Any CPU
		{47CC462E-135F-4FF0-B7D7-FBDD7424DE2F}.Debug|Any CPU.Build.0 = Debug|Any CPU
		{47CC462E-135F-4FF0-B7D7-FBDD7424DE2F}.Release|Any CPU.ActiveCfg = Release|Any CPU
		{47CC462E-135F-4FF0-B7D7-FBDD7424DE2F}.Release|Any CPU.Build.0 = Release|Any CPU
	EndGlobalSection
	GlobalSection(SolutionProperties) = preSolution
		HideSolutionNode = FALSE
	EndGlobalSection
	GlobalSection(ExtensibilityGlobals) = postSolution
		SolutionGuid = {C5E8BD2C-145F-4AB9-8C1A-A10955A0FDAF}
	EndGlobalSection
EndGlobal
