
Microsoft Visual Studio Solution File, Format Version 12.00
# Visual Studio Version 17
VisualStudioVersion = 17.0.31903.59
MinimumVisualStudioVersion = 10.0.40219.1
Project("{FAE04EC0-301F-11D3-BF4B-00C04F79EFBC}") = "PraticandoConversoesEOutrosTiposNumericos", "PraticandoConversoesEOutrosTiposNumericos\PraticandoConversoesEOutrosTiposNumericos.csproj", "{AE95EE5B-46C8-4DF8-B69C-E1F6A9D4F6C0}"
EndProject
Global
	GlobalSection(SolutionConfigurationPlatforms) = preSolution
		Debug|Any CPU = Debug|Any CPU
		Release|Any CPU = Release|Any CPU
	EndGlobalSection
	GlobalSection(ProjectConfigurationPlatforms) = postSolution
		{AE95EE5B-46C8-4DF8-B69C-E1F6A9D4F6C0}.Debug|Any CPU.ActiveCfg = Debug|Any CPU
		{AE95EE5B-46C8-4DF8-B69C-E1F6A9D4F6C0}.Debug|Any CPU.Build.0 = Debug|Any CPU
		{AE95EE5B-46C8-4DF8-B69C-E1F6A9D4F6C0}.Release|Any CPU.ActiveCfg = Release|Any CPU
		{AE95EE5B-46C8-4DF8-B69C-E1F6A9D4F6C0}.Release|Any CPU.Build.0 = Release|Any CPU
	EndGlobalSection
	GlobalSection(SolutionProperties) = preSolution
		HideSolutionNode = FALSE
	EndGlobalSection
	GlobalSection(ExtensibilityGlobals) = postSolution
		SolutionGuid = {6CC7F8AB-B32F-49D9-8C9B-4BB4A37A32E7}
	EndGlobalSection
EndGlobal
